
Microsoft Visual Studio Solution File, Format Version 12.00
# Visual Studio Version 16
VisualStudioVersion = 16.0.30717.126
MinimumVisualStudioVersion = 10.0.40219.1
Project("{9A19103F-16F7-4668-BE54-9A1E7A4F7556}") = "Kmart.CodingTest.ConsoleApp", "Kmart.CodingTest.ConsoleApp\Kmart.CodingTest.ConsoleApp.csproj", "{4AD29BBC-F4AF-4426-844B-B1A49D37FB5C}"
EndProject
Project("{9A19103F-16F7-4668-BE54-9A1E7A4F7556}") = "Kmart.CodingTest.ConsoleApp.Tests", "Kmart.CodingTest.ConsoleApp.Tests\Kmart.CodingTest.ConsoleApp.Tests.csproj", "{5838C38B-781C-4350-B10A-4D57942050AE}"
EndProject
Project("{E53339B2-1760-4266-BCC7-CA923CBCF16C}") = "docker-compose", "docker-compose.dcproj", "{77568E3E-0832-4147-BD33-C82964791356}"
EndProject
Global
	GlobalSection(SolutionConfigurationPlatforms) = preSolution
		Debug|Any CPU = Debug|Any CPU
		Release|Any CPU = Release|Any CPU
	EndGlobalSection
	GlobalSection(ProjectConfigurationPlatforms) = postSolution
		{4AD29BBC-F4AF-4426-844B-B1A49D37FB5C}.Debug|Any CPU.ActiveCfg = Debug|Any CPU
		{4AD29BBC-F4AF-4426-844B-B1A49D37FB5C}.Debug|Any CPU.Build.0 = Debug|Any CPU
		{4AD29BBC-F4AF-4426-844B-B1A49D37FB5C}.Release|Any CPU.ActiveCfg = Release|Any CPU
		{4AD29BBC-F4AF-4426-844B-B1A49D37FB5C}.Release|Any CPU.Build.0 = Release|Any CPU
		{5838C38B-781C-4350-B10A-4D57942050AE}.Debug|Any CPU.ActiveCfg = Debug|Any CPU
		{5838C38B-781C-4350-B10A-4D57942050AE}.Debug|Any CPU.Build.0 = Debug|Any CPU
		{5838C38B-781C-4350-B10A-4D57942050AE}.Release|Any CPU.ActiveCfg = Release|Any CPU
		{5838C38B-781C-4350-B10A-4D57942050AE}.Release|Any CPU.Build.0 = Release|Any CPU
		{77568E3E-0832-4147-BD33-C82964791356}.Debug|Any CPU.ActiveCfg = Debug|Any CPU
		{77568E3E-0832-4147-BD33-C82964791356}.Debug|Any CPU.Build.0 = Debug|Any CPU
		{77568E3E-0832-4147-BD33-C82964791356}.Release|Any CPU.ActiveCfg = Release|Any CPU
		{77568E3E-0832-4147-BD33-C82964791356}.Release|Any CPU.Build.0 = Release|Any CPU
	EndGlobalSection
	GlobalSection(SolutionProperties) = preSolution
		HideSolutionNode = FALSE
	EndGlobalSection
	GlobalSection(ExtensibilityGlobals) = postSolution
		SolutionGuid = {2C9FFE76-AD08-4B89-9372-B6248FD785F7}
	EndGlobalSection
EndGlobal
